{
  "name": "random-messages-david-timana",
  "version": "1.0.0",
  "lockfileVersion": 2,
  "requires": true,
  "packages": {
    "": {
      "name": "random-messages-david-timana",
      "version": "1.0.0",
      "license": "MIT",
      "dependencies": {
        "random-messages": "^1.0.1"
      },
      "bin": {
        "random-msg": "bin/global.js"
      }
    },
    "node_modules/random-messages": {
      "version": "1.0.1",
      "resolved": "https://registry.npmjs.org/random-messages/-/random-messages-1.0.1.tgz",
      "integrity": "sha512-xuTDZ9E8zG6W3+ZkkyA01zAxKKg2c8eZuXeNCXpF75OstUHF0tS6dyzRSxweb9sSisnSGWOij5kD7ZkPFpnFiQ==",
      "bin": {
        "random-msg": "bin/global.js"
      }
    }
  },
  "dependencies": {
    "random-messages": {
      "version": "1.0.1",
      "resolved": "https://registry.npmjs.org/random-messages/-/random-messages-1.0.1.tgz",
      "integrity": "sha512-xuTDZ9E8zG6W3+ZkkyA01zAxKKg2c8eZuXeNCXpF75OstUHF0tS6dyzRSxweb9sSisnSGWOij5kD7ZkPFpnFiQ=="
    }
  }
}
